
Microsoft Visual Studio Solution File, Format Version 12.00
# Visual Studio Version 17
VisualStudioVersion = 17.4.33122.133
MinimumVisualStudioVersion = 10.0.40219.1
Project("{FAE04EC0-301F-11D3-BF4B-00C04F79EFBC}") = "5BTECH_A", "5BTECH_A.csproj", "{1868BD5A-4A83-426D-9EB4-2F300C9F6669}"
EndProject
Global
	GlobalSection(SolutionConfigurationPlatforms) = preSolution
		Debug|Any CPU = Debug|Any CPU
		Release|Any CPU = Release|Any CPU
	EndGlobalSection
	GlobalSection(ProjectConfigurationPlatforms) = postSolution
		{1868BD5A-4A83-426D-9EB4-2F300C9F6669}.Debug|Any CPU.ActiveCfg = Debug|Any CPU
		{1868BD5A-4A83-426D-9EB4-2F300C9F6669}.Debug|Any CPU.Build.0 = Debug|Any CPU
		{1868BD5A-4A83-426D-9EB4-2F300C9F6669}.Release|Any CPU.ActiveCfg = Release|Any CPU
		{1868BD5A-4A83-426D-9EB4-2F300C9F6669}.Release|Any CPU.Build.0 = Release|Any CPU
	EndGlobalSection
	GlobalSection(SolutionProperties) = preSolution
		HideSolutionNode = FALSE
	EndGlobalSection
	GlobalSection(ExtensibilityGlobals) = postSolution
		SolutionGuid = {725948C2-E632-4BAA-BEE3-A96116044A0B}
	EndGlobalSection
EndGlobal
